github.com/bnagy/gapstone v0.0.0-20190828052830-ede92aaeaba7 h1:szvxX0WmU2a2Es7plBFENlL4qD7tiXxMdjTI2phWepw=
github.com/bnagy/gapstone v0.0.0-20190828052830-ede92aaeaba7/go.mod h1:d1o1fFyYsZmHPaDFsSrWMD1fwRqU/KMZiY0//gtBIdc=
github.com/chzyer/logex v1.2.1 h1:XHDu3E6q+gdHgsdTPH6ImJMIp436vR6MPtH8gP05QzM=
github.com/chzyer/logex v1.2.1/go.mod h1:JLbx6lG2kDbNRFnfkgvh4eRJRPX1QCoOIWomwysCBrQ=
github.com/chzyer/readline v1.5.1 h1:upd/6fQk4src78LMRzh5vItIt361/o4uq553V8B5sGI=
github.com/chzyer/readline v1.5.1/go.mod h1:Eh+b79XXUwfKfcPLepksvw2tcLE/Ct21YObkaSkeBlk=
github.com/chzyer/test v1.0.0 h1:p3BQDXSxOhOG0P9z6/hGnII4LGiEPOYBhs8asl/fC04=
github.com/chzyer/test v1.0.0/go.mod h1:2JlltgoNkt4TW/z9V/IzDdFaMTM2JPIi26O1pF38GC8=
github.com/golang/snappy v0.0.4 h1:yAGX7huGHXlcLOEtBnF4w7FQwA26wojNCwOYAEhLjQM=
github.com/golang/snappy v0.0.4/go.mod h1:/XxbfmMg8lxefKM7IXC3fBNl/7bRcc72aCRzEWrmP2Q=
github.com/jroimartin/gocui v0.5.0 h1:DCZc97zY9dMnHXJSJLLmx9VqiEnAj0yh0eTNpuEtG/4=
github.com/jroimartin/gocui v0.5.0/go.mod h1:l7Hz8DoYoL6NoYnlnaX6XCNR62G7J5FfSW5jEogzaxE=
github.com/keystone-engine/keystone v0.0.0-20230519220125-fb92f32391c6 h1:SOCnVd2XjD7GejDQMkrHKUjP1zW0sPvGCl566AWooQU=
github.com/keystone-engine/keystone v0.0.0-20230519220125-fb92f32391c6/go.mod h1:x6RBIUBOBxJTcZKLVYb8fgJ5gvADotFWIZNeVVIpZG4=
github.com/lunixbochs/argjoy v0.0.0-20170507153738-1ffcd6b41a67 h1:NhwXj7g1yu1w/2fYAW2H/0zzCMcI/mRC1rJ53pjl0OE=
github.com/lunixbochs/argjoy v0.0.0-20170507153738-1ffcd6b41a67/go.mod h1:jbfM8YE5w8Lshm1Xm8iX/NrcQEOm/JXeJKDcmtEBKC8=
github.com/lunixbochs/capstr v0.0.0-20180808072752-1b6ae95b8ac8 h1:S62OtCnS0KkuXi7s5tMHr4re0eQHJIie2NjXHm4t24I=
github.com/lunixbochs/capstr v0.0.0-20180808072752-1b6ae95b8ac8/go.mod h1:ITnKIeniao/KgsZHS2Jlpg6FKkj7EmkccvvvXM4XxWc=
github.com/lunixbochs/fvbommel-util v0.0.0-20150907191124-9cef766d06c8 h1:5R5n0rLCvcJkXlx9CkR+D2JTivXnH/VvcPOUXU8iHG8=
github.com/lunixbochs/fvbommel-util v0.0.0-20150907191124-9cef766d06c8/go.mod h1:P+mXaVhFOV5lDC+1tO1WBlPHb/rFhM7KwTgquCrlkWw=
github.com/lunixbochs/ghostrace v0.0.0-20201126002225-a9d482a46185 h1:RVc9lpfZ4KDoE08rhs/yY5IwEhveeYg8zCyYAB2kzDI=
github.com/lunixbochs/ghostrace v0.0.0-20201126002225-a9d482a46185/go.mod h1:7m29t41lwY+lSVMqQkoIJk1Mkp6S+URlF5tJ2yM6Wqk=
github.com/lunixbochs/luaish v0.0.0-20181206234029-50b0cd6cedf4 h1:p9AjsCmfCgxDUWyatMHa1c/KNNhdiZQUNk571Ix97JI=
github.com/lunixbochs/luaish v0.0.0-20181206234029-50b0cd6cedf4/go.mod h1:1Zl2jhjjwMHckkPvrjTQM0cFUBFRY8w8FYmoe0rUuzU=
github.com/lunixbochs/luaish-luar v0.0.0-20170523045524-1d35ea91f7d2 h1:9hz0ZigBCH0PttOc0aZt7wmesdVm5RGOdxPys0BMJ08=
github.com/lunixbochs/luaish-luar v0.0.0-20170523045524-1d35ea91f7d2/go.mod h1:GSQfaXGIMIH6hIc0laurlyZ5ZJLXoMixGRoXrScZJkY=
github.com/lunixbochs/readline v0.0.0-20170504071457-7c5dbed327ef h1:DkQWaN0R1Zvh99pLUBBcWDw/abHsiSBGmYz1wt1iVUg=
github.com/lunixbochs/readline v0.0.0-20170504071457-7c5dbed327ef/go.mod h1:dNPhLhqiefAKvTyo7LHyjnrOfF9hPM+rypkgTC/3pL0=
github.com/lunixbochs/struc v0.0.0-20200707160740-784aaebc1d40 h1:EnfXoSqDfSNJv0VBNqY/88RNnhSGYkrHaO0mmFGbVsc=
github.com/lunixbochs/struc v0.0.0-20200707160740-784aaebc1d40/go.mod h1:vy1vK6wD6j7xX6O6hXe621WabdtNkou2h7uRtTfRMyg=
github.com/mattn/go-colorable v0.1.13 h1:fFA4WZxdEF4tXPZVKMLwD8oUnCTTo08duU7wxecdEvA=
github.com/mattn/go-colorable v0.1.13/go.mod h1:7S9/ev0klgBDR4GtXTXX8a3vIGJpMovkB8vQcUbaXHg=
github.com/mattn/go-isatty v0.0.16/go.mod h1:kYGgaQfpe5nmfYZH+SKPsOc2e4SrIfOl2e/yFXSvRLM=
github.com/mattn/go-isatty v0.0.19 h1:JITubQf0MOLdlGRuRq+jtsDlekdYPia9ZFsB8h/APPA=
github.com/mattn/go-isatty v0.0.19/go.mod h1:W+V8PltTTMOvKvAeJH7IuucS94S2C6jfK/D7dTCTo3Y=
github.com/mattn/go-runewidth v0.0.9/go.mod h1:H031xJmbD/WCDINGzjvQ9THkh0rPKHF+m2gUSrubnMI=
github.com/mattn/go-runewidth v0.0.14 h1:+xnbZSEeDbOIg5/mE6JF0w6n9duR1l3/WmbinWVwUuU=
github.com/mattn/go-runewidth v0.0.14/go.mod h1:Jdepj2loyihRzMpdS35Xk/zdY8IAYHsh153qUoGf23w=
github.com/mgutz/ansi v0.0.0-20200706080929-d51e80ef957d h1:5PJl274Y63IEHC+7izoQE9x6ikvDFZS2mDVS3drnohI=
github.com/mgutz/ansi v0.0.0-20200706080929-d51e80ef957d/go.mod h1:01TrycV0kFyexm33Z7vhZRXopbI8J3TDReVlkTgMUxE=
github.com/nsf/termbox-go v1.1.1 h1:nksUPLCb73Q++DwbYUBEglYBRPZyoXJdrj5L+TkjyZY=
github.com/nsf/termbox-go v1.1.1/go.mod h1:T0cTdVuOwf7pHQNtfhnEbzHbcNyCEcVU4YPpouCbVxo=
github.com/pkg/errors v0.9.1 h1:FEBLx1zS214owpjy7qsBeixbURkuhQAwrK5UwLGTwt4=
github.com/pkg/errors v0.9.1/go.mod h1:bwawxfHBFNV+L2hUp1rHADufV3IMtnDRdf1r5NINEl0=
github.com/rivo/uniseg v0.2.0/go.mod h1:J6wj4VEh+S6ZtnVlnTBMWIodfgj8LQOQFoIToxlJtxc=
github.com/rivo/uniseg v0.4.4 h1:8TfxU8dW6PdqD27gjM8MVNuicgxIjxpm4K7x4jp8sis=
github.com/rivo/uniseg v0.4.4/go.mod h1:FN3SvrM+Zdj16jyLfmOkMNblXMcoc8DfTHruCPUcx88=
github.com/shibukawa/configdir v0.0.0-20170330084843-e180dbdc8da0 h1:Xuk8ma/ibJ1fOy4Ee11vHhUFHQNpHhrBneOCNHVXS5w=
github.com/shibukawa/configdir v0.0.0-20170330084843-e180dbdc8da0/go.mod h1:7AwjWCpdPhkSmNAgUv5C7EJ4AbmjEB3r047r3DXWu3Y=
github.com/unicorn-engine/unicorn v0.0.0-20230207094436-7b8c63dfe650 h1:O8wGQwIFVKk04THvsqbrMi9rXfJwxRU1Bf04NBWvdhI=
github.com/unicorn-engine/unicorn v0.0.0-20230207094436-7b8c63dfe650/go.mod h1:mcHBrigWSHlMZYol9QOFnK7sbltIt/OaKP5CQBZsC+4=
github.com/xlab/handysort v0.0.0-20150421192137-fb3537ed64a1 h1:j2hhcujLRHAg872RWAV5yaUrEjHEObwDv3aImCaNLek=
github.com/xlab/handysort v0.0.0-20150421192137-fb3537ed64a1/go.mod h1:QcJo0QPSfTONNIgpN5RA8prR7fF8nkF6cTWTcNerRO8=
golang.org/x/net v0.10.0 h1:X2//UzNDwYmtCLn7To6G58Wr6f5ahEAQgKNzv9Y951M=
golang.org/x/net v0.10.0/go.mod h1:0qNGK6F8kojg2nk9dLZ2mShWaEBan6FAoqfSigmmuDg=
golang.org/x/sys v0.0.0-20220310020820-b874c991c1a5/go.mod h1:oPkhp1MJrh7nUepCBck5+mAzfO9JrbApNNgaTdGDITg=
golang.org/x/sys v0.0.0-20220811171246-fbc7d0a398ab/go.mod h1:oPkhp1MJrh7nUepCBck5+mAzfO9JrbApNNgaTdGDITg=
golang.org/x/sys v0.6.0/go.mod h1:oPkhp1MJrh7nUepCBck5+mAzfO9JrbApNNgaTdGDITg=
golang.org/x/sys v0.8.0 h1:EBmGv8NaZBZTWvrbjNoL6HVt+IVy3QDQpJs7VRIw3tU=
golang.org/x/sys v0.8.0/go.mod h1:oPkhp1MJrh7nUepCBck5+mAzfO9JrbApNNgaTdGDITg=
